
Microsoft Visual Studio Solution File, Format Version 12.00
# Visual Studio Version 17
VisualStudioVersion = 17.0.31903.59
MinimumVisualStudioVersion = 10.0.40219.1
Project("{2150E333-8FDC-42A3-9474-1A3956D46DE8}") = "src", "src", "{827E0CD3-B72D-47B6-A68D-7590B98EB39B}"
EndProject
Project("{FAE04EC0-301F-11D3-BF4B-00C04F79EFBC}") = "ONEE.SSO.Domain", "src\ONEE.SSO.Domain\ONEE.SSO.Domain.csproj", "{FB000C7A-6178-4B62-9AF0-43C8FF5B4377}"
EndProject
Project("{FAE04EC0-301F-11D3-BF4B-00C04F79EFBC}") = "ONEE.SSO.Shared", "src\ONEE.SSO.Shared\ONEE.SSO.Shared.csproj", "{417255A7-E34B-432A-B2B2-71DAD71CB762}"
EndProject
Project("{FAE04EC0-301F-11D3-BF4B-00C04F79EFBC}") = "ONEE.SSO.Application", "src\ONEE.SSO.Application\ONEE.SSO.Application.csproj", "{D5F16012-B586-4F02-9D86-5FA9C2D6D030}"
EndProject
Project("{FAE04EC0-301F-11D3-BF4B-00C04F79EFBC}") = "ONEE.SSO.Infrastructure", "src\ONEE.SSO.Infrastructure\ONEE.SSO.Infrastructure.csproj", "{FFBCAE3A-A844-4822-A145-E26A3EF186F9}"
EndProject
Project("{FAE04EC0-301F-11D3-BF4B-00C04F79EFBC}") = "ONEE.SSO.API", "src\ONEE.SSO.API\ONEE.SSO.API.csproj", "{804CBC0F-E303-47B0-B665-E601DB4A51A7}"
EndProject
Global
	GlobalSection(SolutionConfigurationPlatforms) = preSolution
		Debug|Any CPU = Debug|Any CPU
		Debug|x64 = Debug|x64
		Debug|x86 = Debug|x86
		Release|Any CPU = Release|Any CPU
		Release|x64 = Release|x64
		Release|x86 = Release|x86
	EndGlobalSection
	GlobalSection(ProjectConfigurationPlatforms) = postSolution
		{FB000C7A-6178-4B62-9AF0-43C8FF5B4377}.Debug|Any CPU.ActiveCfg = Debug|Any CPU
		{FB000C7A-6178-4B62-9AF0-43C8FF5B4377}.Debug|Any CPU.Build.0 = Debug|Any CPU
		{FB000C7A-6178-4B62-9AF0-43C8FF5B4377}.Debug|x64.ActiveCfg = Debug|Any CPU
		{FB000C7A-6178-4B62-9AF0-43C8FF5B4377}.Debug|x64.Build.0 = Debug|Any CPU
		{FB000C7A-6178-4B62-9AF0-43C8FF5B4377}.Debug|x86.ActiveCfg = Debug|Any CPU
		{FB000C7A-6178-4B62-9AF0-43C8FF5B4377}.Debug|x86.Build.0 = Debug|Any CPU
		{FB000C7A-6178-4B62-9AF0-43C8FF5B4377}.Release|Any CPU.ActiveCfg = Release|Any CPU
		{FB000C7A-6178-4B62-9AF0-43C8FF5B4377}.Release|Any CPU.Build.0 = Release|Any CPU
		{FB000C7A-6178-4B62-9AF0-43C8FF5B4377}.Release|x64.ActiveCfg = Release|Any CPU
		{FB000C7A-6178-4B62-9AF0-43C8FF5B4377}.Release|x64.Build.0 = Release|Any CPU
		{FB000C7A-6178-4B62-9AF0-43C8FF5B4377}.Release|x86.ActiveCfg = Release|Any CPU
		{FB000C7A-6178-4B62-9AF0-43C8FF5B4377}.Release|x86.Build.0 = Release|Any CPU
		{417255A7-E34B-432A-B2B2-71DAD71CB762}.Debug|Any CPU.ActiveCfg = Debug|Any CPU
		{417255A7-E34B-432A-B2B2-71DAD71CB762}.Debug|Any CPU.Build.0 = Debug|Any CPU
		{417255A7-E34B-432A-B2B2-71DAD71CB762}.Debug|x64.ActiveCfg = Debug|Any CPU
		{417255A7-E34B-432A-B2B2-71DAD71CB762}.Debug|x64.Build.0 = Debug|Any CPU
		{417255A7-E34B-432A-B2B2-71DAD71CB762}.Debug|x86.ActiveCfg = Debug|Any CPU
		{417255A7-E34B-432A-B2B2-71DAD71CB762}.Debug|x86.Build.0 = Debug|Any CPU
		{417255A7-E34B-432A-B2B2-71DAD71CB762}.Release|Any CPU.ActiveCfg = Release|Any CPU
		{417255A7-E34B-432A-B2B2-71DAD71CB762}.Release|Any CPU.Build.0 = Release|Any CPU
		{417255A7-E34B-432A-B2B2-71DAD71CB762}.Release|x64.ActiveCfg = Release|Any CPU
		{417255A7-E34B-432A-B2B2-71DAD71CB762}.Release|x64.Build.0 = Release|Any CPU
		{417255A7-E34B-432A-B2B2-71DAD71CB762}.Release|x86.ActiveCfg = Release|Any CPU
		{417255A7-E34B-432A-B2B2-71DAD71CB762}.Release|x86.Build.0 = Release|Any CPU
		{D5F16012-B586-4F02-9D86-5FA9C2D6D030}.Debug|Any CPU.ActiveCfg = Debug|Any CPU
		{D5F16012-B586-4F02-9D86-5FA9C2D6D030}.Debug|Any CPU.Build.0 = Debug|Any CPU
		{D5F16012-B586-4F02-9D86-5FA9C2D6D030}.Debug|x64.ActiveCfg = Debug|Any CPU
		{D5F16012-B586-4F02-9D86-5FA9C2D6D030}.Debug|x64.Build.0 = Debug|Any CPU
		{D5F16012-B586-4F02-9D86-5FA9C2D6D030}.Debug|x86.ActiveCfg = Debug|Any CPU
		{D5F16012-B586-4F02-9D86-5FA9C2D6D030}.Debug|x86.Build.0 = Debug|Any CPU
		{D5F16012-B586-4F02-9D86-5FA9C2D6D030}.Release|Any CPU.ActiveCfg = Release|Any CPU
		{D5F16012-B586-4F02-9D86-5FA9C2D6D030}.Release|Any CPU.Build.0 = Release|Any CPU
		{D5F16012-B586-4F02-9D86-5FA9C2D6D030}.Release|x64.ActiveCfg = Release|Any CPU
		{D5F16012-B586-4F02-9D86-5FA9C2D6D030}.Release|x64.Build.0 = Release|Any CPU
		{D5F16012-B586-4F02-9D86-5FA9C2D6D030}.Release|x86.ActiveCfg = Release|Any CPU
		{D5F16012-B586-4F02-9D86-5FA9C2D6D030}.Release|x86.Build.0 = Release|Any CPU
		{FFBCAE3A-A844-4822-A145-E26A3EF186F9}.Debug|Any CPU.ActiveCfg = Debug|Any CPU
		{FFBCAE3A-A844-4822-A145-E26A3EF186F9}.Debug|Any CPU.Build.0 = Debug|Any CPU
		{FFBCAE3A-A844-4822-A145-E26A3EF186F9}.Debug|x64.ActiveCfg = Debug|Any CPU
		{FFBCAE3A-A844-4822-A145-E26A3EF186F9}.Debug|x64.Build.0 = Debug|Any CPU
		{FFBCAE3A-A844-4822-A145-E26A3EF186F9}.Debug|x86.ActiveCfg = Debug|Any CPU
		{FFBCAE3A-A844-4822-A145-E26A3EF186F9}.Debug|x86.Build.0 = Debug|Any CPU
		{FFBCAE3A-A844-4822-A145-E26A3EF186F9}.Release|Any CPU.ActiveCfg = Release|Any CPU
		{FFBCAE3A-A844-4822-A145-E26A3EF186F9}.Release|Any CPU.Build.0 = Release|Any CPU
		{FFBCAE3A-A844-4822-A145-E26A3EF186F9}.Release|x64.ActiveCfg = Release|Any CPU
		{FFBCAE3A-A844-4822-A145-E26A3EF186F9}.Release|x64.Build.0 = Release|Any CPU
		{FFBCAE3A-A844-4822-A145-E26A3EF186F9}.Release|x86.ActiveCfg = Release|Any CPU
		{FFBCAE3A-A844-4822-A145-E26A3EF186F9}.Release|x86.Build.0 = Release|Any CPU
		{804CBC0F-E303-47B0-B665-E601DB4A51A7}.Debug|Any CPU.ActiveCfg = Debug|Any CPU
		{804CBC0F-E303-47B0-B665-E601DB4A51A7}.Debug|Any CPU.Build.0 = Debug|Any CPU
		{804CBC0F-E303-47B0-B665-E601DB4A51A7}.Debug|x64.ActiveCfg = Debug|Any CPU
		{804CBC0F-E303-47B0-B665-E601DB4A51A7}.Debug|x64.Build.0 = Debug|Any CPU
		{804CBC0F-E303-47B0-B665-E601DB4A51A7}.Debug|x86.ActiveCfg = Debug|Any CPU
		{804CBC0F-E303-47B0-B665-E601DB4A51A7}.Debug|x86.Build.0 = Debug|Any CPU
		{804CBC0F-E303-47B0-B665-E601DB4A51A7}.Release|Any CPU.ActiveCfg = Release|Any CPU
		{804CBC0F-E303-47B0-B665-E601DB4A51A7}.Release|Any CPU.Build.0 = Release|Any CPU
		{804CBC0F-E303-47B0-B665-E601DB4A51A7}.Release|x64.ActiveCfg = Release|Any CPU
		{804CBC0F-E303-47B0-B665-E601DB4A51A7}.Release|x64.Build.0 = Release|Any CPU
		{804CBC0F-E303-47B0-B665-E601DB4A51A7}.Release|x86.ActiveCfg = Release|Any CPU
		{804CBC0F-E303-47B0-B665-E601DB4A51A7}.Release|x86.Build.0 = Release|Any CPU
	EndGlobalSection
	GlobalSection(SolutionProperties) = preSolution
		HideSolutionNode = FALSE
	EndGlobalSection
	GlobalSection(NestedProjects) = preSolution
		{FB000C7A-6178-4B62-9AF0-43C8FF5B4377} = {827E0CD3-B72D-47B6-A68D-7590B98EB39B}
		{417255A7-E34B-432A-B2B2-71DAD71CB762} = {827E0CD3-B72D-47B6-A68D-7590B98EB39B}
		{D5F16012-B586-4F02-9D86-5FA9C2D6D030} = {827E0CD3-B72D-47B6-A68D-7590B98EB39B}
		{FFBCAE3A-A844-4822-A145-E26A3EF186F9} = {827E0CD3-B72D-47B6-A68D-7590B98EB39B}
		{804CBC0F-E303-47B0-B665-E601DB4A51A7} = {827E0CD3-B72D-47B6-A68D-7590B98EB39B}
	EndGlobalSection
	GlobalSection(ExtensibilityGlobals) = postSolution
		SolutionGuid = {624F3A9E-7EBC-456D-AE70-3CFD41829196}
	EndGlobalSection
EndGlobal
